
Microsoft Visual Studio Solution File, Format Version 12.00
# Visual Studio Version 17
VisualStudioVersion = 17.14.36623.8
MinimumVisualStudioVersion = 10.0.40219.1
Project("{FAE04EC0-301F-11D3-BF4B-00C04F79EFBC}") = "SMIS.Api", "SMIS.Api\SMIS.Api.csproj", "{6094DC5B-079C-4458-A6DB-BADB2C97FDBB}"
EndProject
Project("{FAE04EC0-301F-11D3-BF4B-00C04F79EFBC}") = "SMIS.Application", "SMIS.Application\SMIS.Application.csproj", "{2C3612BB-7029-4281-2BCA-41749AF0903C}"
EndProject
Project("{FAE04EC0-301F-11D3-BF4B-00C04F79EFBC}") = "SMIS.Domain", "SMIS.Domain\SMIS.Domain.csproj", "{348614B7-1B19-4BB4-6EDB-EBB752658212}"
EndProject
Project("{FAE04EC0-301F-11D3-BF4B-00C04F79EFBC}") = "SMIS.Infrastructure", "SMIS.Infrastructure\SMIS.Infrastructure.csproj", "{30B80213-A40B-6C96-5390-579E7165D55F}"
EndProject
Project("{FAE04EC0-301F-11D3-BF4B-00C04F79EFBC}") = "SMIS.Test", "SMIS.Test\SMIS.Test.csproj", "{4E0F3CD3-6ACA-4836-907F-D50862411270}"
EndProject
Project("{FAE04EC0-301F-11D3-BF4B-00C04F79EFBC}") = "SMIS.UI", "SMIS.UI\SMIS.UI.csproj", "{3A5E182A-2E3B-4B5B-A426-1DAE3CBD6B84}"
EndProject
Global
	GlobalSection(SolutionConfigurationPlatforms) = preSolution
		Debug|Any CPU = Debug|Any CPU
		Release|Any CPU = Release|Any CPU
	EndGlobalSection
	GlobalSection(ProjectConfigurationPlatforms) = postSolution
		{6094DC5B-079C-4458-A6DB-BADB2C97FDBB}.Debug|Any CPU.ActiveCfg = Debug|Any CPU
		{6094DC5B-079C-4458-A6DB-BADB2C97FDBB}.Debug|Any CPU.Build.0 = Debug|Any CPU
		{6094DC5B-079C-4458-A6DB-BADB2C97FDBB}.Release|Any CPU.ActiveCfg = Release|Any CPU
		{6094DC5B-079C-4458-A6DB-BADB2C97FDBB}.Release|Any CPU.Build.0 = Release|Any CPU
		{2C3612BB-7029-4281-2BCA-41749AF0903C}.Debug|Any CPU.ActiveCfg = Debug|Any CPU
		{2C3612BB-7029-4281-2BCA-41749AF0903C}.Debug|Any CPU.Build.0 = Debug|Any CPU
		{2C3612BB-7029-4281-2BCA-41749AF0903C}.Release|Any CPU.ActiveCfg = Release|Any CPU
		{2C3612BB-7029-4281-2BCA-41749AF0903C}.Release|Any CPU.Build.0 = Release|Any CPU
		{348614B7-1B19-4BB4-6EDB-EBB752658212}.Debug|Any CPU.ActiveCfg = Debug|Any CPU
		{348614B7-1B19-4BB4-6EDB-EBB752658212}.Debug|Any CPU.Build.0 = Debug|Any CPU
		{348614B7-1B19-4BB4-6EDB-EBB752658212}.Release|Any CPU.ActiveCfg = Release|Any CPU
		{348614B7-1B19-4BB4-6EDB-EBB752658212}.Release|Any CPU.Build.0 = Release|Any CPU
		{30B80213-A40B-6C96-5390-579E7165D55F}.Debug|Any CPU.ActiveCfg = Debug|Any CPU
		{30B80213-A40B-6C96-5390-579E7165D55F}.Debug|Any CPU.Build.0 = Debug|Any CPU
		{30B80213-A40B-6C96-5390-579E7165D55F}.Release|Any CPU.ActiveCfg = Release|Any CPU
		{30B80213-A40B-6C96-5390-579E7165D55F}.Release|Any CPU.Build.0 = Release|Any CPU
		{4E0F3CD3-6ACA-4836-907F-D50862411270}.Debug|Any CPU.ActiveCfg = Debug|Any CPU
		{4E0F3CD3-6ACA-4836-907F-D50862411270}.Debug|Any CPU.Build.0 = Debug|Any CPU
		{4E0F3CD3-6ACA-4836-907F-D50862411270}.Release|Any CPU.ActiveCfg = Release|Any CPU
		{4E0F3CD3-6ACA-4836-907F-D50862411270}.Release|Any CPU.Build.0 = Release|Any CPU
		{3A5E182A-2E3B-4B5B-A426-1DAE3CBD6B84}.Debug|Any CPU.ActiveCfg = Debug|Any CPU
		{3A5E182A-2E3B-4B5B-A426-1DAE3CBD6B84}.Debug|Any CPU.Build.0 = Debug|Any CPU
		{3A5E182A-2E3B-4B5B-A426-1DAE3CBD6B84}.Debug|Any CPU.Deploy.0 = Debug|Any CPU
		{3A5E182A-2E3B-4B5B-A426-1DAE3CBD6B84}.Release|Any CPU.ActiveCfg = Release|Any CPU
		{3A5E182A-2E3B-4B5B-A426-1DAE3CBD6B84}.Release|Any CPU.Build.0 = Release|Any CPU
	EndGlobalSection
	GlobalSection(SolutionProperties) = preSolution
		HideSolutionNode = FALSE
	EndGlobalSection
	GlobalSection(ExtensibilityGlobals) = postSolution
		SolutionGuid = {24DE211E-3CBB-44E1-8234-42C7BA9A7F89}
	EndGlobalSection
EndGlobal
